{
  "name": "version_modulos",
  "version": "1.0.0",
  "lockfileVersion": 1,
  "requires": true,
  "dependencies": {
    "async": {
      "version": "2.5.0",
      "resolved": "https://registry.npmjs.org/async/-/async-2.5.0.tgz",
      "integrity": "sha512-e+lJAJeNWuPCNyxZKOBdaJGyLGHugXVQtrAwtuAe2vhxTYxFTKE73p8JuTmdH0qdQZtDvI4dhJwjZc5zsfIsYw==",
      "requires": {
        "lodash": "4.17.4"
      }
    },
    "chance": {
      "version": "1.0.11",
      "resolved": "https://registry.npmjs.org/chance/-/chance-1.0.11.tgz",
      "integrity": "sha512-PK8Zmz6kJAkwwJuiTZvjcFX11/H+BvVd2r8dnHrDRXmOLoUHh4Hxiv+YyYTcT7sdFzP9LhMS3O3C/7f+7gSQ2g=="
    },
    "lodash": {
      "version": "4.17.4",
      "resolved": "https://registry.npmjs.org/lodash/-/lodash-4.17.4.tgz",
      "integrity": "sha1-eCA6TRwyiuHYbcpkYONptX9AVa4="
    }
  }
}
